// !$*UTF8*$!
{
	archiveVersion = 1;
	classes = {
	};
	objectVersion = 46;
	objects = {

/* Begin PBXBuildFile section */
		542C2BB31BBC5FF000F6CE8A /* CustomActivity.swift in Sources */ = {isa = PBXBuildFile; fileRef = 542C2BB21BBC5FF000F6CE8A /* CustomActivity.swift */; settings = {ASSET_TAGS = (); }; };
		54818DAB1BB06136000932C0 /* AppDelegate.swift in Sources */ = {isa = PBXBuildFile; fileRef = 54818DAA1BB06136000932C0 /* AppDelegate.swift */; };
		54818DAD1BB06136000932C0 /* ViewController.swift in Sources */ = {isa = PBXBuildFile; fileRef = 54818DAC1BB06136000932C0 /* ViewController.swift */; };
		54818DB01BB06136000932C0 /* Main.storyboard in Resources */ = {isa = PBXBuildFile; fileRef = 54818DAE1BB06136000932C0 /* Main.storyboard */; };
		54818DB21BB06136000932C0 /* Assets.xcassets in Resources */ = {isa = PBXBuildFile; fileRef = 54818DB11BB06136000932C0 /* Assets.xcassets */; };
		54818DB51BB06136000932C0 /* LaunchScreen.storyboard in Resources */ = {isa = PBXBuildFile; fileRef = 54818DB31BB06136000932C0 /* LaunchScreen.storyboard */; };
		54FCB81A1BBD08050059F889 /* WeiboActivity.swift in Sources */ = {isa = PBXBuildFile; fileRef = 54FCB8191BBD08050059F889 /* WeiboActivity.swift */; settings = {ASSET_TAGS = (); }; };
		54FCB81E1BBD0EC60059F889 /* CopyLinkActivity.swift in Sources */ = {isa = PBXBuildFile; fileRef = 54FCB81D1BBD0EC60059F889 /* CopyLinkActivity.swift */; settings = {ASSET_TAGS = (); }; };
		54FCB8201BBFB8280059F889 /* WechatSessionActivity.swift in Sources */ = {isa = PBXBuildFile; fileRef = 54FCB81F1BBFB8280059F889 /* WechatSessionActivity.swift */; settings = {ASSET_TAGS = (); }; };
		54FCB8221BBFB8310059F889 /* WechatTimelineActivity.swift in Sources */ = {isa = PBXBuildFile; fileRef = 54FCB8211BBFB8310059F889 /* WechatTimelineActivity.swift */; settings = {ASSET_TAGS = (); }; };
/* End PBXBuildFile section */

/* Begin PBXFileReference section */
		542C2BB21BBC5FF000F6CE8A /* CustomActivity.swift */ = {isa = PBXFileReference; fileEncoding = 4; lastKnownFileType = sourcecode.swift; path = CustomActivity.swift; sourceTree = "<group>"; };
		54818DA71BB06136000932C0 /* UIActivityViewControllerDemo.app */ = {isa = PBXFileReference; explicitFileType = wrapper.application; includeInIndex = 0; path = UIActivityViewControllerDemo.app; sourceTree = BUILT_PRODUCTS_DIR; };
		54818DAA1BB06136000932C0 /* AppDelegate.swift */ = {isa = PBXFileReference; lastKnownFileType = sourcecode.swift; path = AppDelegate.swift; sourceTree = "<group>"; };
		54818DAC1BB06136000932C0 /* ViewController.swift */ = {isa = PBXFileReference; lastKnownFileType = sourcecode.swift; path = ViewController.swift; sourceTree = "<group>"; };
		54818DAF1BB06136000932C0 /* Base */ = {isa = PBXFileReference; lastKnownFileType = file.storyboard; name = Base; path = Base.lproj/Main.storyboard; sourceTree = "<group>"; };
		54818DB11BB06136000932C0 /* Assets.xcassets */ = {isa = PBXFileReference; lastKnownFileType = folder.assetcatalog; path = Assets.xcassets; sourceTree = "<group>"; };
		54818DB41BB06136000932C0 /* Base */ = {isa = PBXFileReference; lastKnownFileType = file.storyboard; name = Base; path = Base.lproj/LaunchScreen.storyboard; sourceTree = "<group>"; };
		54818DB61BB06136000932C0 /* Info.plist */ = {isa = PBXFileReference; lastKnownFileType = text.plist.xml; path = Info.plist; sourceTree = "<group>"; };
		54FCB8191BBD08050059F889 /* WeiboActivity.swift */ = {isa = PBXFileReference; fileEncoding = 4; lastKnownFileType = sourcecode.swift; path = WeiboActivity.swift; sourceTree = "<group>"; };
		54FCB81D1BBD0EC60059F889 /* CopyLinkActivity.swift */ = {isa = PBXFileReference; fileEncoding = 4; lastKnownFileType = sourcecode.swift; path = CopyLinkActivity.swift; sourceTree = "<group>"; };
		54FCB81F1BBFB8280059F889 /* WechatSessionActivity.swift */ = {isa = PBXFileReference; fileEncoding = 4; lastKnownFileType = sourcecode.swift; path = WechatSessionActivity.swift; sourceTree = "<group>"; };
		54FCB8211BBFB8310059F889 /* WechatTimelineActivity.swift */ = {isa = PBXFileReference; fileEncoding = 4; lastKnownFileType = sourcecode.swift; path = WechatTimelineActivity.swift; sourceTree = "<group>"; };
		54FCB8701BC179B40059F889 /* main.m */ = {isa = PBXFileReference; lastKnownFileType = sourcecode.c.objc; path = main.m; sourceTree = "<group>"; };
		54FCB8721BC179B40059F889 /* AppDelegate.h */ = {isa = PBXFileReference; lastKnownFileType = sourcecode.c.h; path = AppDelegate.h; sourceTree = "<group>"; };
		54FCB8731BC179B40059F889 /* AppDelegate.m */ = {isa = PBXFileReference; lastKnownFileType = sourcecode.c.objc; path = AppDelegate.m; sourceTree = "<group>"; };
		54FCB8751BC179B40059F889 /* ViewController.h */ = {isa = PBXFileReference; lastKnownFileType = sourcecode.c.h; path = ViewController.h; sourceTree = "<group>"; };
		54FCB8761BC179B40059F889 /* ViewController.m */ = {isa = PBXFileReference; lastKnownFileType = sourcecode.c.objc; path = ViewController.m; sourceTree = "<group>"; };
		54FCB8791BC179B40059F889 /* Base */ = {isa = PBXFileReference; lastKnownFileType = file.storyboard; name = Base; path = Base.lproj/Main.storyboard; sourceTree = "<group>"; };
		54FCB87B1BC179B40059F889 /* Assets.xcassets */ = {isa = PBXFileReference; lastKnownFileType = folder.assetcatalog; path = Assets.xcassets; sourceTree = "<group>"; };
		54FCB87E1BC179B40059F889 /* Base */ = {isa = PBXFileReference; lastKnownFileType = file.storyboard; name = Base; path = Base.lproj/LaunchScreen.storyboard; sourceTree = "<group>"; };
		54FCB8801BC179B40059F889 /* Info.plist */ = {isa = PBXFileReference; lastKnownFileType = text.plist.xml; path = Info.plist; sourceTree = "<group>"; };
/* End PBXFileReference section */

/* Begin PBXFrameworksBuildPhase section */
		54818DA41BB06136000932C0 /* Frameworks */ = {
			isa = PBXFrameworksBuildPhase;
			buildActionMask = 2147483647;
			files = (
			);
			runOnlyForDeploymentPostprocessing = 0;
		};
/* End PBXFrameworksBuildPhase section */

/* Begin PBXGroup section */
		542C2BB11BBC5F6500F6CE8A /* CustomActivity */ = {
			isa = PBXGroup;
			children = (
				542C2BB21BBC5FF000F6CE8A /* CustomActivity.swift */,
				54FCB8191BBD08050059F889 /* WeiboActivity.swift */,
				54FCB81D1BBD0EC60059F889 /* CopyLinkActivity.swift */,
				54FCB81F1BBFB8280059F889 /* WechatSessionActivity.swift */,
				54FCB8211BBFB8310059F889 /* WechatTimelineActivity.swift */,
			);
			path = CustomActivity;
			sourceTree = "<group>";
		};
		54818D9E1BB06136000932C0 = {
			isa = PBXGroup;
			children = (
				54818DA91BB06136000932C0 /* UIActivityViewControllerDemo */,
				54FCB86E1BC179B40059F889 /* UIActivityViewControllerOCDemo */,
				54818DA81BB06136000932C0 /* Products */,
			);
			sourceTree = "<group>";
		};
		54818DA81BB06136000932C0 /* Products */ = {
			isa = PBXGroup;
			children = (
				54818DA71BB06136000932C0 /* UIActivityViewControllerDemo.app */,
			);
			name = Products;
			sourceTree = "<group>";
		};
		54818DA91BB06136000932C0 /* UIActivityViewControllerDemo */ = {
			isa = PBXGroup;
			children = (
				542C2BB11BBC5F6500F6CE8A /* CustomActivity */,
				54818DAA1BB06136000932C0 /* AppDelegate.swift */,
				54818DAC1BB06136000932C0 /* ViewController.swift */,
				54818DAE1BB06136000932C0 /* Main.storyboard */,
				54818DB11BB06136000932C0 /* Assets.xcassets */,
				54818DB31BB06136000932C0 /* LaunchScreen.storyboard */,
				54818DB61BB06136000932C0 /* Info.plist */,
			);
			path = UIActivityViewControllerDemo;
			sourceTree = "<group>";
		};
		54FCB86E1BC179B40059F889 /* UIActivityViewControllerOCDemo */ = {
			isa = PBXGroup;
			children = (
				54FCB8721BC179B40059F889 /* AppDelegate.h */,
				54FCB8731BC179B40059F889 /* AppDelegate.m */,
				54FCB8751BC179B40059F889 /* ViewController.h */,
				54FCB8761BC179B40059F889 /* ViewController.m */,
				54FCB8781BC179B40059F889 /* Main.storyboard */,
				54FCB87B1BC179B40059F889 /* Assets.xcassets */,
				54FCB87D1BC179B40059F889 /* LaunchScreen.storyboard */,
				54FCB8801BC179B40059F889 /* Info.plist */,
				54FCB86F1BC179B40059F889 /* Supporting Files */,
			);
			path = UIActivityViewControllerOCDemo;
			sourceTree = "<group>";
		};
		54FCB86F1BC179B40059F889 /* Supporting Files */ = {
			isa = PBXGroup;
			children = (
				54FCB8701BC179B40059F889 /* main.m */,
			);
			name = "Supporting Files";
			sourceTree = "<group>";
		};
/* End PBXGroup section */

/* Begin PBXNativeTarget section */
		54818DA61BB06136000932C0 /* UIActivityViewControllerDemo */ = {
			isa = PBXNativeTarget;
			buildConfigurationList = 54818DB91BB06136000932C0 /* Build configuration list for PBXNativeTarget "UIActivityViewControllerDemo" */;
			buildPhases = (
				54818DA31BB06136000932C0 /* Sources */,
				54818DA41BB06136000932C0 /* Frameworks */,
				54818DA51BB06136000932C0 /* Resources */,
			);
			buildRules = (
			);
			dependencies = (
			);
			name = UIActivityViewControllerDemo;
			productName = UIActivityViewControllerDemo;
			productReference = 54818DA71BB06136000932C0 /* UIActivityViewControllerDemo.app */;
			productType = "com.apple.product-type.application";
		};
/* End PBXNativeTarget section */

/* Begin PBXProject section */
		54818D9F1BB06136000932C0 /* Project object */ = {
			isa = PBXProject;
			attributes = {
				LastUpgradeCheck = 0700;
				ORGANIZATIONNAME = LinShaoLie;
				TargetAttributes = {
					54818DA61BB06136000932C0 = {
						CreatedOnToolsVersion = 7.0;
					};
				};
			};
			buildConfigurationList = 54818DA21BB06136000932C0 /* Build configuration list for PBXProject "UIActivityViewControllerDemo" */;
			compatibilityVersion = "Xcode 3.2";
			developmentRegion = English;
			hasScannedForEncodings = 0;
			knownRegions = (
				en,
				Base,
			);
			mainGroup = 54818D9E1BB06136000932C0;
			productRefGroup = 54818DA81BB06136000932C0 /* Products */;
			projectDirPath = "";
			projectRoot = "";
			targets = (
				54818DA61BB06136000932C0 /* UIActivityViewControllerDemo */,
			);
		};
/* End PBXProject section */

/* Begin PBXResourcesBuildPhase section */
		54818DA51BB06136000932C0 /* Resources */ = {
			isa = PBXResourcesBuildPhase;
			buildActionMask = 2147483647;
			files = (
				54818DB51BB06136000932C0 /* LaunchScreen.storyboard in Resources */,
				54818DB21BB06136000932C0 /* Assets.xcassets in Resources */,
				54818DB01BB06136000932C0 /* Main.storyboard in Resources */,
			);
			runOnlyForDeploymentPostprocessing = 0;
		};
/* End PBXResourcesBuildPhase section */

/* Begin PBXSourcesBuildPhase section */
		54818DA31BB06136000932C0 /* Sources */ = {
			isa = PBXSourcesBuildPhase;
			buildActionMask = 2147483647;
			files = (
				54FCB8201BBFB8280059F889 /* WechatSessionActivity.swift in Sources */,
				542C2BB31BBC5FF000F6CE8A /* CustomActivity.swift in Sources */,
				54FCB81A1BBD08050059F889 /* WeiboActivity.swift in Sources */,
				54818DAD1BB06136000932C0 /* ViewController.swift in Sources */,
				54FCB81E1BBD0EC60059F889 /* CopyLinkActivity.swift in Sources */,
				54818DAB1BB06136000932C0 /* AppDelegate.swift in Sources */,
				54FCB8221BBFB8310059F889 /* WechatTimelineActivity.swift in Sources */,
			);
			runOnlyForDeploymentPostprocessing = 0;
		};
/* End PBXSourcesBuildPhase section */

/* Begin PBXVariantGroup section */
		54818DAE1BB06136000932C0 /* Main.storyboard */ = {
			isa = PBXVariantGroup;
			children = (
				54818DAF1BB06136000932C0 /* Base */,
			);
			name = Main.storyboard;
			sourceTree = "<group>";
		};
		54818DB31BB06136000932C0 /* LaunchScreen.storyboard */ = {
			isa = PBXVariantGroup;
			children = (
				54818DB41BB06136000932C0 /* Base */,
			);
			name = LaunchScreen.storyboard;
			sourceTree = "<group>";
		};
		54FCB8781BC179B40059F889 /* Main.storyboard */ = {
			isa = PBXVariantGroup;
			children = (
				54FCB8791BC179B40059F889 /* Base */,
			);
			name = Main.storyboard;
			sourceTree = "<group>";
		};
		54FCB87D1BC179B40059F889 /* LaunchScreen.storyboard */ = {
			isa = PBXVariantGroup;
			children = (
				54FCB87E1BC179B40059F889 /* Base */,
			);
			name = LaunchScreen.storyboard;
			sourceTree = "<group>";
		};
/* End PBXVariantGroup section */

/* Begin XCBuildConfiguration section */
		54818DB71BB06136000932C0 /* Debug */ = {
			isa = XCBuildConfiguration;
			buildSettings = {
				ALWAYS_SEARCH_USER_PATHS = NO;
				CLANG_CXX_LANGUAGE_STANDARD = "gnu++0x";
				CLANG_CXX_LIBRARY = "libc++";
				CLANG_ENABLE_MODULES = YES;
				CLANG_ENABLE_OBJC_ARC = YES;
				CLANG_WARN_BOOL_CONVERSION = YES;
				CLANG_WARN_CONSTANT_CONVERSION = YES;
				CLANG_WARN_DIRECT_OBJC_ISA_USAGE = YES_ERROR;
				CLANG_WARN_EMPTY_BODY = YES;
				CLANG_WARN_ENUM_CONVERSION = YES;
				CLANG_WARN_INT_CONVERSION = YES;
				CLANG_WARN_OBJC_ROOT_CLASS = YES_ERROR;
				CLANG_WARN_UNREACHABLE_CODE = YES;
				CLANG_WARN__DUPLICATE_METHOD_MATCH = YES;
				"CODE_SIGN_IDENTITY[sdk=iphoneos*]" = "iPhone Developer";
				COPY_PHASE_STRIP = NO;
				DEBUG_INFORMATION_FORMAT = dwarf;
				ENABLE_STRICT_OBJC_MSGSEND = YES;
				ENABLE_TESTABILITY = YES;
				GCC_C_LANGUAGE_STANDARD = gnu99;
				GCC_DYNAMIC_NO_PIC = NO;
				GCC_NO_COMMON_BLOCKS = YES;
				GCC_OPTIMIZATION_LEVEL = 0;
				GCC_PREPROCESSOR_DEFINITIONS = (
					"DEBUG=1",
					"$(inherited)",
				);
				GCC_WARN_64_TO_32_BIT_CONVERSION = YES;
				GCC_WARN_ABOUT_RETURN_TYPE = YES_ERROR;
				GCC_WARN_UNDECLARED_SELECTOR = YES;
				GCC_WARN_UNINITIALIZED_AUTOS = YES_AGGRESSIVE;
				GCC_WARN_UNUSED_FUNCTION = YES;
				GCC_WARN_UNUSED_VARIABLE = YES;
				IPHONEOS_DEPLOYMENT_TARGET = 8.0;
				MTL_ENABLE_DEBUG_INFO = YES;
				ONLY_ACTIVE_ARCH = YES;
				SDKROOT = iphoneos;
				SWIFT_OPTIMIZATION_LEVEL = "-Onone";
			};
			name = Debug;
		};
		54818DB81BB06136000932C0 /* Release */ = {
			isa = XCBuildConfiguration;
			buildSettings = {
				ALWAYS_SEARCH_USER_PATHS = NO;
				CLANG_CXX_LANGUAGE_STANDARD = "gnu++0x";
				CLANG_CXX_LIBRARY = "libc++";
				CLANG_ENABLE_MODULES = YES;
				CLANG_ENABLE_OBJC_ARC = YES;
				CLANG_WARN_BOOL_CONVERSION = YES;
				CLANG_WARN_CONSTANT_CONVERSION = YES;
				CLANG_WARN_DIRECT_OBJC_ISA_USAGE = YES_ERROR;
				CLANG_WARN_EMPTY_BODY = YES;
				CLANG_WARN_ENUM_CONVERSION = YES;
				CLANG_WARN_INT_CONVERSION = YES;
				CLANG_WARN_OBJC_ROOT_CLASS = YES_ERROR;
				CLANG_WARN_UNREACHABLE_CODE = YES;
				CLANG_WARN__DUPLICATE_METHOD_MATCH = YES;
				"CODE_SIGN_IDENTITY[sdk=iphoneos*]" = "iPhone Developer";
				COPY_PHASE_STRIP = NO;
				DEBUG_INFORMATION_FORMAT = "dwarf-with-dsym";
				ENABLE_NS_ASSERTIONS = NO;
				ENABLE_STRICT_OBJC_MSGSEND = YES;
				GCC_C_LANGUAGE_STANDARD = gnu99;
				GCC_NO_COMMON_BLOCKS = YES;
				GCC_WARN_64_TO_32_BIT_CONVERSION = YES;
				GCC_WARN_ABOUT_RETURN_TYPE = YES_ERROR;
				GCC_WARN_UNDECLARED_SELECTOR = YES;
				GCC_WARN_UNINITIALIZED_AUTOS = YES_AGGRESSIVE;
				GCC_WARN_UNUSED_FUNCTION = YES;
				GCC_WARN_UNUSED_VARIABLE = YES;
				IPHONEOS_DEPLOYMENT_TARGET = 8.0;
				MTL_ENABLE_DEBUG_INFO = NO;
				SDKROOT = iphoneos;
				VALIDATE_PRODUCT = YES;
			};
			name = Release;
		};
		54818DBA1BB06136000932C0 /* Debug */ = {
			isa = XCBuildConfiguration;
			buildSettings = {
				ASSETCATALOG_COMPILER_APPICON_NAME = AppIcon;
				INFOPLIST_FILE = UIActivityViewControllerDemo/Info.plist;
				LD_RUNPATH_SEARCH_PATHS = "$(inherited) @executable_path/Frameworks";
				PRODUCT_BUNDLE_IDENTIFIER = Lin.UIActivityViewControllerDemo;
				PRODUCT_NAME = "$(TARGET_NAME)";
				VALID_ARCHS = "arm64 armv7s armv7";
			};
			name = Debug;
		};
		54818DBB1BB06136000932C0 /* Release */ = {
			isa = XCBuildConfiguration;
			buildSettings = {
				ASSETCATALOG_COMPILER_APPICON_NAME = AppIcon;
				INFOPLIST_FILE = UIActivityViewControllerDemo/Info.plist;
				LD_RUNPATH_SEARCH_PATHS = "$(inherited) @executable_path/Frameworks";
				PRODUCT_BUNDLE_IDENTIFIER = Lin.UIActivityViewControllerDemo;
				PRODUCT_NAME = "$(TARGET_NAME)";
				VALID_ARCHS = "arm64 armv7s armv7";
			};
			name = Release;
		};
/* End XCBuildConfiguration section */

/* Begin XCConfigurationList section */
		54818DA21BB06136000932C0 /* Build configuration list for PBXProject "UIActivityViewControllerDemo" */ = {
			isa = XCConfigurationList;
			buildConfigurations = (
				54818DB71BB06136000932C0 /* Debug */,
				54818DB81BB06136000932C0 /* Release */,
			);
			defaultConfigurationIsVisible = 0;
			defaultConfigurationName = Release;
		};
		54818DB91BB06136000932C0 /* Build configuration list for PBXNativeTarget "UIActivityViewControllerDemo" */ = {
			isa = XCConfigurationList;
			buildConfigurations = (
				54818DBA1BB06136000932C0 /* Debug */,
				54818DBB1BB06136000932C0 /* Release */,
			);
			defaultConfigurationIsVisible = 0;
			defaultConfigurationName = Release;
		};
/* End XCConfigurationList section */
	};
	rootObject = 54818D9F1BB06136000932C0 /* Project object */;
}
